
Microsoft Visual Studio Solution File, Format Version 12.00
# Visual Studio 15
VisualStudioVersion = 15.0.28307.106
MinimumVisualStudioVersion = 10.0.40219.1
Project("{2150E333-8FDC-42A3-9474-1A3956D46DE8}") = "Web", "Web", "{E0564B0D-0721-45F6-9351-7DBCCF992D9C}"
EndProject
Project("{9A19103F-16F7-4668-BE54-9A1E7A4F7556}") = "FunApp.Web", "Web\FunApp.Web\FunApp.Web.csproj", "{A0FD8A42-0C1A-474A-B336-F7CEE213E26C}"
EndProject
Global
	GlobalSection(SolutionConfigurationPlatforms) = preSolution
		Debug|Any CPU = Debug|Any CPU
		Release|Any CPU = Release|Any CPU
	EndGlobalSection
	GlobalSection(ProjectConfigurationPlatforms) = postSolution
		{A0FD8A42-0C1A-474A-B336-F7CEE213E26C}.Debug|Any CPU.ActiveCfg = Debug|Any CPU
		{A0FD8A42-0C1A-474A-B336-F7CEE213E26C}.Debug|Any CPU.Build.0 = Debug|Any CPU
		{A0FD8A42-0C1A-474A-B336-F7CEE213E26C}.Release|Any CPU.ActiveCfg = Release|Any CPU
		{A0FD8A42-0C1A-474A-B336-F7CEE213E26C}.Release|Any CPU.Build.0 = Release|Any CPU
	EndGlobalSection
	GlobalSection(SolutionProperties) = preSolution
		HideSolutionNode = FALSE
	EndGlobalSection
	GlobalSection(NestedProjects) = preSolution
		{A0FD8A42-0C1A-474A-B336-F7CEE213E26C} = {E0564B0D-0721-45F6-9351-7DBCCF992D9C}
	EndGlobalSection
	GlobalSection(ExtensibilityGlobals) = postSolution
		SolutionGuid = {F3E79F9E-1552-489E-9458-3E2BEC48CF54}
	EndGlobalSection
EndGlobal
